
Microsoft Visual Studio Solution File, Format Version 12.00
# Visual Studio Version 16
VisualStudioVersion = 16.0.29001.49
MinimumVisualStudioVersion = 10.0.40219.1
Project("{FAE04EC0-301F-11D3-BF4B-00C04F79EFBC}") = "Maths", "Maths\Maths.csproj", "{F48B2309-018F-4FF7-B8CB-E5E224676168}"
EndProject
Global
	GlobalSection(SolutionConfigurationPlatforms) = preSolution
		Debug|Any CPU = Debug|Any CPU
		Release|Any CPU = Release|Any CPU
	EndGlobalSection
	GlobalSection(ProjectConfigurationPlatforms) = postSolution
		{F48B2309-018F-4FF7-B8CB-E5E224676168}.Debug|Any CPU.ActiveCfg = Debug|Any CPU
		{F48B2309-018F-4FF7-B8CB-E5E224676168}.Debug|Any CPU.Build.0 = Debug|Any CPU
		{F48B2309-018F-4FF7-B8CB-E5E224676168}.Release|Any CPU.ActiveCfg = Release|Any CPU
		{F48B2309-018F-4FF7-B8CB-E5E224676168}.Release|Any CPU.Build.0 = Release|Any CPU
	EndGlobalSection
	GlobalSection(SolutionProperties) = preSolution
		HideSolutionNode = FALSE
	EndGlobalSection
	GlobalSection(ExtensibilityGlobals) = postSolution
		SolutionGuid = {F1F221A1-E8A5-4822-AD15-8F90BD1283BE}
	EndGlobalSection
EndGlobal
